
Microsoft Visual Studio Solution File, Format Version 12.00
# Visual Studio Version 16
VisualStudioVersion = 16.0.31105.61
MinimumVisualStudioVersion = 10.0.40219.1
Project("{FAE04EC0-301F-11D3-BF4B-00C04F79EFBC}") = "17DT_N10_N10", "17DT_N10_N10\17DT_N10_N10.csproj", "{28791C84-EEA8-4BD9-8F6A-772DEA08EF6D}"
EndProject
Global
	GlobalSection(SolutionConfigurationPlatforms) = preSolution
		Debug|Any CPU = Debug|Any CPU
		Release|Any CPU = Release|Any CPU
	EndGlobalSection
	GlobalSection(ProjectConfigurationPlatforms) = postSolution
		{28791C84-EEA8-4BD9-8F6A-772DEA08EF6D}.Debug|Any CPU.ActiveCfg = Debug|Any CPU
		{28791C84-EEA8-4BD9-8F6A-772DEA08EF6D}.Debug|Any CPU.Build.0 = Debug|Any CPU
		{28791C84-EEA8-4BD9-8F6A-772DEA08EF6D}.Release|Any CPU.ActiveCfg = Release|Any CPU
		{28791C84-EEA8-4BD9-8F6A-772DEA08EF6D}.Release|Any CPU.Build.0 = Release|Any CPU
	EndGlobalSection
	GlobalSection(SolutionProperties) = preSolution
		HideSolutionNode = FALSE
	EndGlobalSection
	GlobalSection(ExtensibilityGlobals) = postSolution
		SolutionGuid = {56F68000-2A3D-44D2-92DE-86FB08FF3698}
	EndGlobalSection
EndGlobal
